
Microsoft Visual Studio Solution File, Format Version 12.00
# Visual Studio Version 16
VisualStudioVersion = 16.0.30503.244
MinimumVisualStudioVersion = 10.0.40219.1
Project("{FAE04EC0-301F-11D3-BF4B-00C04F79EFBC}") = "Testing200000", "Testing200000\Testing200000.csproj", "{D1193F5A-0552-4985-B64E-F847BD0549B6}"
EndProject
Global
	GlobalSection(SolutionConfigurationPlatforms) = preSolution
		Debug|Any CPU = Debug|Any CPU
		Release|Any CPU = Release|Any CPU
	EndGlobalSection
	GlobalSection(ProjectConfigurationPlatforms) = postSolution
		{D1193F5A-0552-4985-B64E-F847BD0549B6}.Debug|Any CPU.ActiveCfg = Debug|Any CPU
		{D1193F5A-0552-4985-B64E-F847BD0549B6}.Debug|Any CPU.Build.0 = Debug|Any CPU
		{D1193F5A-0552-4985-B64E-F847BD0549B6}.Release|Any CPU.ActiveCfg = Release|Any CPU
		{D1193F5A-0552-4985-B64E-F847BD0549B6}.Release|Any CPU.Build.0 = Release|Any CPU
	EndGlobalSection
	GlobalSection(SolutionProperties) = preSolution
		HideSolutionNode = FALSE
	EndGlobalSection
	GlobalSection(ExtensibilityGlobals) = postSolution
		SolutionGuid = {236A14CC-DC81-4290-B42D-1CD7611FAC1B}
	EndGlobalSection
EndGlobal
